// !$*UTF8*$!
{
	archiveVersion = 1;
	classes = {
	};
	objectVersion = 77;
	objects = {

/* Begin PBXBuildFile section */
		0C6C32E8A47D90FFA8509C6D /* AuthManager.swift in Sources */ = {isa = PBXBuildFile; fileRef = 7C2BA59DA6D0D12AE7BC50BB /* AuthManager.swift */; };
		43EA96590E05327D402F2F7D /* ContentView.swift in Sources */ = {isa = PBXBuildFile; fileRef = 61100D44FFAACD53D129D92F /* ContentView.swift */; };
		46DE63F2E56FC589378E42F9 /* FantaseeApp.swift in Sources */ = {isa = PBXBuildFile; fileRef = 8F3158A94DF403EB27272C1E /* FantaseeApp.swift */; };
		49336F9DC709FEB83F530FC9 /* FakeFantaseeAPITests.swift in Sources */ = {isa = PBXBuildFile; fileRef = AC9859FCB091DDECD0AA4601 /* FakeFantaseeAPITests.swift */; };
		4CFD3692749A1AF1F35A4BD3 /* LiveFeedView.swift in Sources */ = {isa = PBXBuildFile; fileRef = 771A4400D9C3FE7D696F60AE /* LiveFeedView.swift */; };
		7CDBC9F89965A42CA27F48DF /* LeagueConfig.swift in Sources */ = {isa = PBXBuildFile; fileRef = 39F1917C43B8DEF06E739FAA /* LeagueConfig.swift */; };
		801234CBD312AB3646726B26 /* LeagueImportView.swift in Sources */ = {isa = PBXBuildFile; fileRef = B90BE5909FB9E94D448A0A43 /* LeagueImportView.swift */; };
		823FE9804E31EA099BC97076 /* ScoringEvent.swift in Sources */ = {isa = PBXBuildFile; fileRef = D738F0F77EA1C2B2B18C25C4 /* ScoringEvent.swift */; };
		937CEEC2DA7A75712A678C84 /* URLSessionFantaseeAPI.swift in Sources */ = {isa = PBXBuildFile; fileRef = 356765441C0E6FE8F4A11414 /* URLSessionFantaseeAPI.swift */; };
		96FF1209E7881FB8060CC128 /* DTOs.swift in Sources */ = {isa = PBXBuildFile; fileRef = A1A18225F90664724C17A552 /* DTOs.swift */; };
		99B2E4BEED736D0CFC368B36 /* FantaseeAPI.swift in Sources */ = {isa = PBXBuildFile; fileRef = 7C6C5D1036F06B5C5D1BF0BF /* FantaseeAPI.swift */; };
		A811E8AE810493A3345A30D8 /* FakeFantaseeAPI.swift in Sources */ = {isa = PBXBuildFile; fileRef = 214BE45964BD1D4C0DFDC511 /* FakeFantaseeAPI.swift */; };
		CCBBF9CBBFEDF61C4FAE1225 /* PushNotificationManager.swift in Sources */ = {isa = PBXBuildFile; fileRef = A29B69DE35E3C132F57E6174 /* PushNotificationManager.swift */; };
		CE4A68E7D1E8B60DBBDEAA9D /* GameState.swift in Sources */ = {isa = PBXBuildFile; fileRef = 4FD18598588F39415E9F0D3A /* GameState.swift */; };
		D60792998984DF52D9898ABC /* AppDelegate.swift in Sources */ = {isa = PBXBuildFile; fileRef = 89E2D768FE1116A67C17A3AB /* AppDelegate.swift */; };
		FAAE4EEE43ADE269BE080E51 /* SignInView.swift in Sources */ = {isa = PBXBuildFile; fileRef = C6AD1CA5E563751C07E72CAF /* SignInView.swift */; };
/* End PBXBuildFile section */

/* Begin PBXContainerItemProxy section */
		4ACE2B1461A73A3025D4E814 /* PBXContainerItemProxy */ = {
			isa = PBXContainerItemProxy;
			containerPortal = 2EFCB8EBE5A0473BA79D520D /* Project object */;
			proxyType = 1;
			remoteGlobalIDString = DBEAE452C4671BD9B4B7F1FF;
			remoteInfo = Fantasee;
		};
/* End PBXContainerItemProxy section */

/* Begin PBXFileReference section */
		214BE45964BD1D4C0DFDC511 /* FakeFantaseeAPI.swift */ = {isa = PBXFileReference; lastKnownFileType = sourcecode.swift; path = FakeFantaseeAPI.swift; sourceTree = "<group>"; };
		356765441C0E6FE8F4A11414 /* URLSessionFantaseeAPI.swift */ = {isa = PBXFileReference; lastKnownFileType = sourcecode.swift; path = URLSessionFantaseeAPI.swift; sourceTree = "<group>"; };
		356AF4959511FCCA0524CEFB /* Fantasee.app */ = {isa = PBXFileReference; includeInIndex = 0; lastKnownFileType = wrapper.application; path = Fantasee.app; sourceTree = BUILT_PRODUCTS_DIR; };
		39F1917C43B8DEF06E739FAA /* LeagueConfig.swift */ = {isa = PBXFileReference; lastKnownFileType = sourcecode.swift; path = LeagueConfig.swift; sourceTree = "<group>"; };
		4FD18598588F39415E9F0D3A /* GameState.swift */ = {isa = PBXFileReference; lastKnownFileType = sourcecode.swift; path = GameState.swift; sourceTree = "<group>"; };
		61100D44FFAACD53D129D92F /* ContentView.swift */ = {isa = PBXFileReference; lastKnownFileType = sourcecode.swift; path = ContentView.swift; sourceTree = "<group>"; };
		771A4400D9C3FE7D696F60AE /* LiveFeedView.swift */ = {isa = PBXFileReference; lastKnownFileType = sourcecode.swift; path = LiveFeedView.swift; sourceTree = "<group>"; };
		7C2BA59DA6D0D12AE7BC50BB /* AuthManager.swift */ = {isa = PBXFileReference; lastKnownFileType = sourcecode.swift; path = AuthManager.swift; sourceTree = "<group>"; };
		7C6C5D1036F06B5C5D1BF0BF /* FantaseeAPI.swift */ = {isa = PBXFileReference; lastKnownFileType = sourcecode.swift; path = FantaseeAPI.swift; sourceTree = "<group>"; };
		89E2D768FE1116A67C17A3AB /* AppDelegate.swift */ = {isa = PBXFileReference; lastKnownFileType = sourcecode.swift; path = AppDelegate.swift; sourceTree = "<group>"; };
		8F3158A94DF403EB27272C1E /* FantaseeApp.swift */ = {isa = PBXFileReference; lastKnownFileType = sourcecode.swift; path = FantaseeApp.swift; sourceTree = "<group>"; };
		A1A18225F90664724C17A552 /* DTOs.swift */ = {isa = PBXFileReference; lastKnownFileType = sourcecode.swift; path = DTOs.swift; sourceTree = "<group>"; };
		A29B69DE35E3C132F57E6174 /* PushNotificationManager.swift */ = {isa = PBXFileReference; lastKnownFileType = sourcecode.swift; path = PushNotificationManager.swift; sourceTree = "<group>"; };
		AC9859FCB091DDECD0AA4601 /* FakeFantaseeAPITests.swift */ = {isa = PBXFileReference; lastKnownFileType = sourcecode.swift; path = FakeFantaseeAPITests.swift; sourceTree = "<group>"; };
		B90BE5909FB9E94D448A0A43 /* LeagueImportView.swift */ = {isa = PBXFileReference; lastKnownFileType = sourcecode.swift; path = LeagueImportView.swift; sourceTree = "<group>"; };
		C6AD1CA5E563751C07E72CAF /* SignInView.swift */ = {isa = PBXFileReference; lastKnownFileType = sourcecode.swift; path = SignInView.swift; sourceTree = "<group>"; };
		D738F0F77EA1C2B2B18C25C4 /* ScoringEvent.swift */ = {isa = PBXFileReference; lastKnownFileType = sourcecode.swift; path = ScoringEvent.swift; sourceTree = "<group>"; };
		EFA012C443447D4869539318 /* FantaseeTests.xctest */ = {isa = PBXFileReference; includeInIndex = 0; lastKnownFileType = wrapper.cfbundle; path = FantaseeTests.xctest; sourceTree = BUILT_PRODUCTS_DIR; };
/* End PBXFileReference section */

/* Begin PBXGroup section */
		050C8124BDACAEA0A9660431 /* Fantasee */ = {
			isa = PBXGroup;
			children = (
				EE6053E357524D28718D062C /* App */,
				98EAD579C1935B8DDBF62D8B /* Auth */,
				FD4E4D9F4F00AA394D6176DF /* Models */,
				39AB0F33C392C9247632C00B /* Networking */,
				B2B9B040AF0D3E91B8E24A3F /* Push */,
				930E55FB4590DFCB68077AC5 /* Views */,
			);
			path = Fantasee;
			sourceTree = "<group>";
		};
		26F6D5BA6E124B4395A12840 /* FantaseeTests */ = {
			isa = PBXGroup;
			children = (
				AC9859FCB091DDECD0AA4601 /* FakeFantaseeAPITests.swift */,
			);
			path = FantaseeTests;
			sourceTree = "<group>";
		};
		2B0FC7E36A0FC3DAFB1F29B2 = {
			isa = PBXGroup;
			children = (
				050C8124BDACAEA0A9660431 /* Fantasee */,
				26F6D5BA6E124B4395A12840 /* FantaseeTests */,
				32D358C6F639EE22976F7868 /* Products */,
			);
			sourceTree = "<group>";
		};
		32D358C6F639EE22976F7868 /* Products */ = {
			isa = PBXGroup;
			children = (
				356AF4959511FCCA0524CEFB /* Fantasee.app */,
				EFA012C443447D4869539318 /* FantaseeTests.xctest */,
			);
			name = Products;
			sourceTree = "<group>";
		};
		39AB0F33C392C9247632C00B /* Networking */ = {
			isa = PBXGroup;
			children = (
				A1A18225F90664724C17A552 /* DTOs.swift */,
				214BE45964BD1D4C0DFDC511 /* FakeFantaseeAPI.swift */,
				7C6C5D1036F06B5C5D1BF0BF /* FantaseeAPI.swift */,
				356765441C0E6FE8F4A11414 /* URLSessionFantaseeAPI.swift */,
			);
			path = Networking;
			sourceTree = "<group>";
		};
		930E55FB4590DFCB68077AC5 /* Views */ = {
			isa = PBXGroup;
			children = (
				61100D44FFAACD53D129D92F /* ContentView.swift */,
				B90BE5909FB9E94D448A0A43 /* LeagueImportView.swift */,
				771A4400D9C3FE7D696F60AE /* LiveFeedView.swift */,
				C6AD1CA5E563751C07E72CAF /* SignInView.swift */,
			);
			path = Views;
			sourceTree = "<group>";
		};
		98EAD579C1935B8DDBF62D8B /* Auth */ = {
			isa = PBXGroup;
			children = (
				7C2BA59DA6D0D12AE7BC50BB /* AuthManager.swift */,
			);
			path = Auth;
			sourceTree = "<group>";
		};
		B2B9B040AF0D3E91B8E24A3F /* Push */ = {
			isa = PBXGroup;
			children = (
				A29B69DE35E3C132F57E6174 /* PushNotificationManager.swift */,
			);
			path = Push;
			sourceTree = "<group>";
		};
		EE6053E357524D28718D062C /* App */ = {
			isa = PBXGroup;
			children = (
				89E2D768FE1116A67C17A3AB /* AppDelegate.swift */,
				8F3158A94DF403EB27272C1E /* FantaseeApp.swift */,
			);
			path = App;
			sourceTree = "<group>";
		};
		FD4E4D9F4F00AA394D6176DF /* Models */ = {
			isa = PBXGroup;
			children = (
				4FD18598588F39415E9F0D3A /* GameState.swift */,
				39F1917C43B8DEF06E739FAA /* LeagueConfig.swift */,
				D738F0F77EA1C2B2B18C25C4 /* ScoringEvent.swift */,
			);
			path = Models;
			sourceTree = "<group>";
		};
/* End PBXGroup section */

/* Begin PBXNativeTarget section */
		6DFC320E2B3A0A5307692E55 /* FantaseeTests */ = {
			isa = PBXNativeTarget;
			buildConfigurationList = C48C903735A4BAB7505CC3DC /* Build configuration list for PBXNativeTarget "FantaseeTests" */;
			buildPhases = (
				90004D14981CFDF58B30872E /* Sources */,
			);
			buildRules = (
			);
			dependencies = (
				24F44C014EF4730D2815306D /* PBXTargetDependency */,
			);
			name = FantaseeTests;
			packageProductDependencies = (
			);
			productName = FantaseeTests;
			productReference = EFA012C443447D4869539318 /* FantaseeTests.xctest */;
			productType = "com.apple.product-type.bundle.unit-test";
		};
		DBEAE452C4671BD9B4B7F1FF /* Fantasee */ = {
			isa = PBXNativeTarget;
			buildConfigurationList = 8E393C3304FE4E786AF48D48 /* Build configuration list for PBXNativeTarget "Fantasee" */;
			buildPhases = (
				720A78CE19377131A6A890D5 /* Sources */,
			);
			buildRules = (
			);
			dependencies = (
			);
			name = Fantasee;
			packageProductDependencies = (
			);
			productName = Fantasee;
			productReference = 356AF4959511FCCA0524CEFB /* Fantasee.app */;
			productType = "com.apple.product-type.application";
		};
/* End PBXNativeTarget section */

/* Begin PBXProject section */
		2EFCB8EBE5A0473BA79D520D /* Project object */ = {
			isa = PBXProject;
			attributes = {
				BuildIndependentTargetsInParallel = YES;
				LastUpgradeCheck = 1430;
				TargetAttributes = {
					DBEAE452C4671BD9B4B7F1FF = {
						ProvisioningStyle = Automatic;
					};
				};
			};
			buildConfigurationList = 682C5586C68C8E93664C17D4 /* Build configuration list for PBXProject "Fantasee" */;
			developmentRegion = en;
			hasScannedForEncodings = 0;
			knownRegions = (
				Base,
				en,
			);
			mainGroup = 2B0FC7E36A0FC3DAFB1F29B2;
			minimizedProjectReferenceProxies = 1;
			preferredProjectObjectVersion = 77;
			productRefGroup = 32D358C6F639EE22976F7868 /* Products */;
			projectDirPath = "";
			projectRoot = "";
			targets = (
				DBEAE452C4671BD9B4B7F1FF /* Fantasee */,
				6DFC320E2B3A0A5307692E55 /* FantaseeTests */,
			);
		};
/* End PBXProject section */

/* Begin PBXSourcesBuildPhase section */
		720A78CE19377131A6A890D5 /* Sources */ = {
			isa = PBXSourcesBuildPhase;
			buildActionMask = 2147483647;
			files = (
				D60792998984DF52D9898ABC /* AppDelegate.swift in Sources */,
				0C6C32E8A47D90FFA8509C6D /* AuthManager.swift in Sources */,
				43EA96590E05327D402F2F7D /* ContentView.swift in Sources */,
				96FF1209E7881FB8060CC128 /* DTOs.swift in Sources */,
				A811E8AE810493A3345A30D8 /* FakeFantaseeAPI.swift in Sources */,
				99B2E4BEED736D0CFC368B36 /* FantaseeAPI.swift in Sources */,
				46DE63F2E56FC589378E42F9 /* FantaseeApp.swift in Sources */,
				CE4A68E7D1E8B60DBBDEAA9D /* GameState.swift in Sources */,
				7CDBC9F89965A42CA27F48DF /* LeagueConfig.swift in Sources */,
				801234CBD312AB3646726B26 /* LeagueImportView.swift in Sources */,
				4CFD3692749A1AF1F35A4BD3 /* LiveFeedView.swift in Sources */,
				CCBBF9CBBFEDF61C4FAE1225 /* PushNotificationManager.swift in Sources */,
				823FE9804E31EA099BC97076 /* ScoringEvent.swift in Sources */,
				FAAE4EEE43ADE269BE080E51 /* SignInView.swift in Sources */,
				937CEEC2DA7A75712A678C84 /* URLSessionFantaseeAPI.swift in Sources */,
			);
			runOnlyForDeploymentPostprocessing = 0;
		};
		90004D14981CFDF58B30872E /* Sources */ = {
			isa = PBXSourcesBuildPhase;
			buildActionMask = 2147483647;
			files = (
				49336F9DC709FEB83F530FC9 /* FakeFantaseeAPITests.swift in Sources */,
			);
			runOnlyForDeploymentPostprocessing = 0;
		};
/* End PBXSourcesBuildPhase section */

/* Begin PBXTargetDependency section */
		24F44C014EF4730D2815306D /* PBXTargetDependency */ = {
			isa = PBXTargetDependency;
			target = DBEAE452C4671BD9B4B7F1FF /* Fantasee */;
			targetProxy = 4ACE2B1461A73A3025D4E814 /* PBXContainerItemProxy */;
		};
/* End PBXTargetDependency section */

/* Begin XCBuildConfiguration section */
		283D93D2FFF4CB912C476CD8 /* Release */ = {
			isa = XCBuildConfiguration;
			buildSettings = {
				ASSETCATALOG_COMPILER_APPICON_NAME = AppIcon;
				CODE_SIGN_ENTITLEMENTS = Generated/Fantasee.entitlements;
				CODE_SIGN_IDENTITY = "iPhone Developer";
				CODE_SIGN_STYLE = Automatic;
				INFOPLIST_FILE = Generated/Info.plist;
				LD_RUNPATH_SEARCH_PATHS = (
					"$(inherited)",
					"@executable_path/Frameworks",
				);
				PRODUCT_BUNDLE_IDENTIFIER = com.fantasee.app;
				SDKROOT = iphoneos;
				SWIFT_VERSION = 5.0;
				TARGETED_DEVICE_FAMILY = 1;
			};
			name = Release;
		};
		2D55C915004F269EE57FFF62 /* Debug */ = {
			isa = XCBuildConfiguration;
			buildSettings = {
				BUNDLE_LOADER = "$(TEST_HOST)";
				GENERATE_INFOPLIST_FILE = YES;
				LD_RUNPATH_SEARCH_PATHS = (
					"$(inherited)",
					"@executable_path/Frameworks",
					"@loader_path/Frameworks",
				);
				PRODUCT_BUNDLE_IDENTIFIER = com.fantasee.FantaseeTests;
				SDKROOT = iphoneos;
				SWIFT_VERSION = 5.0;
				TARGETED_DEVICE_FAMILY = "1,2";
				TEST_HOST = "$(BUILT_PRODUCTS_DIR)/Fantasee.app/Fantasee";
			};
			name = Debug;
		};
		34BC6CAB945CB67DF7CE21CC /* Debug */ = {
			isa = XCBuildConfiguration;
			buildSettings = {
				ASSETCATALOG_COMPILER_APPICON_NAME = AppIcon;
				CODE_SIGN_ENTITLEMENTS = Generated/Fantasee.entitlements;
				CODE_SIGN_IDENTITY = "iPhone Developer";
				CODE_SIGN_STYLE = Automatic;
				INFOPLIST_FILE = Generated/Info.plist;
				LD_RUNPATH_SEARCH_PATHS = (
					"$(inherited)",
					"@executable_path/Frameworks",
				);
				PRODUCT_BUNDLE_IDENTIFIER = com.fantasee.app;
				SDKROOT = iphoneos;
				SWIFT_VERSION = 5.0;
				TARGETED_DEVICE_FAMILY = 1;
			};
			name = Debug;
		};
		4E13659708BAD2148320B623 /* Release */ = {
			isa = XCBuildConfiguration;
			buildSettings = {
				ALWAYS_SEARCH_USER_PATHS = NO;
				CLANG_ANALYZER_NONNULL = YES;
				CLANG_ANALYZER_NUMBER_OBJECT_CONVERSION = YES_AGGRESSIVE;
				CLANG_CXX_LANGUAGE_STANDARD = "gnu++14";
				CLANG_CXX_LIBRARY = "libc++";
				CLANG_ENABLE_MODULES = YES;
				CLANG_ENABLE_OBJC_ARC = YES;
				CLANG_ENABLE_OBJC_WEAK = YES;
				CLANG_WARN_BLOCK_CAPTURE_AUTORELEASING = YES;
				CLANG_WARN_BOOL_CONVERSION = YES;
				CLANG_WARN_COMMA = YES;
				CLANG_WARN_CONSTANT_CONVERSION = YES;
				CLANG_WARN_DEPRECATED_OBJC_IMPLEMENTATIONS = YES;
				CLANG_WARN_DIRECT_OBJC_ISA_USAGE = YES_ERROR;
				CLANG_WARN_DOCUMENTATION_COMMENTS = YES;
				CLANG_WARN_EMPTY_BODY = YES;
				CLANG_WARN_ENUM_CONVERSION = YES;
				CLANG_WARN_INFINITE_RECURSION = YES;
				CLANG_WARN_INT_CONVERSION = YES;
				CLANG_WARN_NON_LITERAL_NULL_CONVERSION = YES;
				CLANG_WARN_OBJC_IMPLICIT_RETAIN_SELF = YES;
				CLANG_WARN_OBJC_LITERAL_CONVERSION = YES;
				CLANG_WARN_OBJC_ROOT_CLASS = YES_ERROR;
				CLANG_WARN_QUOTED_INCLUDE_IN_FRAMEWORK_HEADER = YES;
				CLANG_WARN_RANGE_LOOP_ANALYSIS = YES;
				CLANG_WARN_STRICT_PROTOTYPES = YES;
				CLANG_WARN_SUSPICIOUS_MOVE = YES;
				CLANG_WARN_UNGUARDED_AVAILABILITY = YES_AGGRESSIVE;
				CLANG_WARN_UNREACHABLE_CODE = YES;
				CLANG_WARN__DUPLICATE_METHOD_MATCH = YES;
				COPY_PHASE_STRIP = NO;
				DEBUG_INFORMATION_FORMAT = "dwarf-with-dsym";
				ENABLE_NS_ASSERTIONS = NO;
				ENABLE_STRICT_OBJC_MSGSEND = YES;
				GCC_C_LANGUAGE_STANDARD = gnu11;
				GCC_NO_COMMON_BLOCKS = YES;
				GCC_WARN_64_TO_32_BIT_CONVERSION = YES;
				GCC_WARN_ABOUT_RETURN_TYPE = YES_ERROR;
				GCC_WARN_UNDECLARED_SELECTOR = YES;
				GCC_WARN_UNINITIALIZED_AUTOS = YES_AGGRESSIVE;
				GCC_WARN_UNUSED_FUNCTION = YES;
				GCC_WARN_UNUSED_VARIABLE = YES;
				IPHONEOS_DEPLOYMENT_TARGET = 17.0;
				MTL_ENABLE_DEBUG_INFO = NO;
				MTL_FAST_MATH = YES;
				PRODUCT_NAME = "$(TARGET_NAME)";
				SDKROOT = iphoneos;
				SWIFT_COMPILATION_MODE = wholemodule;
				SWIFT_OPTIMIZATION_LEVEL = "-O";
				SWIFT_VERSION = 5.0;
			};
			name = Release;
		};
		B1FFC56C50F3A91515CB9255 /* Debug */ = {
			isa = XCBuildConfiguration;
			buildSettings = {
				ALWAYS_SEARCH_USER_PATHS = NO;
				CLANG_ANALYZER_NONNULL = YES;
				CLANG_ANALYZER_NUMBER_OBJECT_CONVERSION = YES_AGGRESSIVE;
				CLANG_CXX_LANGUAGE_STANDARD = "gnu++14";
				CLANG_CXX_LIBRARY = "libc++";
				CLANG_ENABLE_MODULES = YES;
				CLANG_ENABLE_OBJC_ARC = YES;
				CLANG_ENABLE_OBJC_WEAK = YES;
				CLANG_WARN_BLOCK_CAPTURE_AUTORELEASING = YES;
				CLANG_WARN_BOOL_CONVERSION = YES;
				CLANG_WARN_COMMA = YES;
				CLANG_WARN_CONSTANT_CONVERSION = YES;
				CLANG_WARN_DEPRECATED_OBJC_IMPLEMENTATIONS = YES;
				CLANG_WARN_DIRECT_OBJC_ISA_USAGE = YES_ERROR;
				CLANG_WARN_DOCUMENTATION_COMMENTS = YES;
				CLANG_WARN_EMPTY_BODY = YES;
				CLANG_WARN_ENUM_CONVERSION = YES;
				CLANG_WARN_INFINITE_RECURSION = YES;
				CLANG_WARN_INT_CONVERSION = YES;
				CLANG_WARN_NON_LITERAL_NULL_CONVERSION = YES;
				CLANG_WARN_OBJC_IMPLICIT_RETAIN_SELF = YES;
				CLANG_WARN_OBJC_LITERAL_CONVERSION = YES;
				CLANG_WARN_OBJC_ROOT_CLASS = YES_ERROR;
				CLANG_WARN_QUOTED_INCLUDE_IN_FRAMEWORK_HEADER = YES;
				CLANG_WARN_RANGE_LOOP_ANALYSIS = YES;
				CLANG_WARN_STRICT_PROTOTYPES = YES;
				CLANG_WARN_SUSPICIOUS_MOVE = YES;
				CLANG_WARN_UNGUARDED_AVAILABILITY = YES_AGGRESSIVE;
				CLANG_WARN_UNREACHABLE_CODE = YES;
				CLANG_WARN__DUPLICATE_METHOD_MATCH = YES;
				COPY_PHASE_STRIP = NO;
				DEBUG_INFORMATION_FORMAT = dwarf;
				ENABLE_STRICT_OBJC_MSGSEND = YES;
				ENABLE_TESTABILITY = YES;
				GCC_C_LANGUAGE_STANDARD = gnu11;
				GCC_DYNAMIC_NO_PIC = NO;
				GCC_NO_COMMON_BLOCKS = YES;
				GCC_OPTIMIZATION_LEVEL = 0;
				GCC_PREPROCESSOR_DEFINITIONS = (
					"$(inherited)",
					"DEBUG=1",
				);
				GCC_WARN_64_TO_32_BIT_CONVERSION = YES;
				GCC_WARN_ABOUT_RETURN_TYPE = YES_ERROR;
				GCC_WARN_UNDECLARED_SELECTOR = YES;
				GCC_WARN_UNINITIALIZED_AUTOS = YES_AGGRESSIVE;
				GCC_WARN_UNUSED_FUNCTION = YES;
				GCC_WARN_UNUSED_VARIABLE = YES;
				IPHONEOS_DEPLOYMENT_TARGET = 17.0;
				MTL_ENABLE_DEBUG_INFO = INCLUDE_SOURCE;
				MTL_FAST_MATH = YES;
				ONLY_ACTIVE_ARCH = YES;
				PRODUCT_NAME = "$(TARGET_NAME)";
				SDKROOT = iphoneos;
				SWIFT_ACTIVE_COMPILATION_CONDITIONS = DEBUG;
				SWIFT_OPTIMIZATION_LEVEL = "-Onone";
				SWIFT_VERSION = 5.0;
			};
			name = Debug;
		};
		EAF81625460BC7755AE06427 /* Release */ = {
			isa = XCBuildConfiguration;
			buildSettings = {
				BUNDLE_LOADER = "$(TEST_HOST)";
				GENERATE_INFOPLIST_FILE = YES;
				LD_RUNPATH_SEARCH_PATHS = (
					"$(inherited)",
					"@executable_path/Frameworks",
					"@loader_path/Frameworks",
				);
				PRODUCT_BUNDLE_IDENTIFIER = com.fantasee.FantaseeTests;
				SDKROOT = iphoneos;
				SWIFT_VERSION = 5.0;
				TARGETED_DEVICE_FAMILY = "1,2";
				TEST_HOST = "$(BUILT_PRODUCTS_DIR)/Fantasee.app/Fantasee";
			};
			name = Release;
		};
/* End XCBuildConfiguration section */

/* Begin XCConfigurationList section */
		682C5586C68C8E93664C17D4 /* Build configuration list for PBXProject "Fantasee" */ = {
			isa = XCConfigurationList;
			buildConfigurations = (
				B1FFC56C50F3A91515CB9255 /* Debug */,
				4E13659708BAD2148320B623 /* Release */,
			);
			defaultConfigurationIsVisible = 0;
			defaultConfigurationName = Debug;
		};
		8E393C3304FE4E786AF48D48 /* Build configuration list for PBXNativeTarget "Fantasee" */ = {
			isa = XCConfigurationList;
			buildConfigurations = (
				34BC6CAB945CB67DF7CE21CC /* Debug */,
				283D93D2FFF4CB912C476CD8 /* Release */,
			);
			defaultConfigurationIsVisible = 0;
			defaultConfigurationName = Debug;
		};
		C48C903735A4BAB7505CC3DC /* Build configuration list for PBXNativeTarget "FantaseeTests" */ = {
			isa = XCConfigurationList;
			buildConfigurations = (
				2D55C915004F269EE57FFF62 /* Debug */,
				EAF81625460BC7755AE06427 /* Release */,
			);
			defaultConfigurationIsVisible = 0;
			defaultConfigurationName = Debug;
		};
/* End XCConfigurationList section */
	};
	rootObject = 2EFCB8EBE5A0473BA79D520D /* Project object */;
}
